// !$*UTF8*$!
{
	archiveVersion = 1;
	classes = {
	};
	objectVersion = 56;
	objects = {

/* Begin PBXBuildFile section */
		FA11CE662B7996C600F6FADF /* YS Display-Bold.ttf in Resources */ = {isa = PBXBuildFile; fileRef = FA11CE642B7996C500F6FADF /* YS Display-Bold.ttf */; };
		FA11CE672B7996C600F6FADF /* YS Display-Medium.ttf in Resources */ = {isa = PBXBuildFile; fileRef = FA11CE652B7996C500F6FADF /* YS Display-Medium.ttf */; };
		FA1F2A342B74FF070052D912 /* AppDelegate.swift in Sources */ = {isa = PBXBuildFile; fileRef = FA1F2A332B74FF070052D912 /* AppDelegate.swift */; };
		FA1F2A362B74FF070052D912 /* SceneDelegate.swift in Sources */ = {isa = PBXBuildFile; fileRef = FA1F2A352B74FF070052D912 /* SceneDelegate.swift */; };
		FA1F2A382B74FF070052D912 /* ImagesListViewController.swift in Sources */ = {isa = PBXBuildFile; fileRef = FA1F2A372B74FF070052D912 /* ImagesListViewController.swift */; };
		FA1F2A3B2B74FF070052D912 /* Main.storyboard in Resources */ = {isa = PBXBuildFile; fileRef = FA1F2A392B74FF070052D912 /* Main.storyboard */; };
		FA1F2A3D2B74FF0B0052D912 /* Assets.xcassets in Resources */ = {isa = PBXBuildFile; fileRef = FA1F2A3C2B74FF0B0052D912 /* Assets.xcassets */; };
		FA1F2A402B74FF0B0052D912 /* LaunchScreen.storyboard in Resources */ = {isa = PBXBuildFile; fileRef = FA1F2A3E2B74FF0B0052D912 /* LaunchScreen.storyboard */; };
		FA1F2A482B753D9F0052D912 /* ImagesListCell.swift in Sources */ = {isa = PBXBuildFile; fileRef = FA1F2A472B753D9F0052D912 /* ImagesListCell.swift */; };
		FA485E5E2B7E52EA0083D3D8 /* Constants.swift in Sources */ = {isa = PBXBuildFile; fileRef = FA485E5D2B7E52EA0083D3D8 /* Constants.swift */; };
		FA485E612B7E63E80083D3D8 /* AuthViewController.swift in Sources */ = {isa = PBXBuildFile; fileRef = FA485E602B7E63E80083D3D8 /* AuthViewController.swift */; };
		FA485E632B7E68AE0083D3D8 /* WebViewViewController.swift in Sources */ = {isa = PBXBuildFile; fileRef = FA485E622B7E68AE0083D3D8 /* WebViewViewController.swift */; };
		FAD826462B7F48FE0020D6C3 /* SplashViewController.swift in Sources */ = {isa = PBXBuildFile; fileRef = FAD826452B7F48FE0020D6C3 /* SplashViewController.swift */; };
		FAD8264A2B7F4D660020D6C3 /* OAuth2Service.swift in Sources */ = {isa = PBXBuildFile; fileRef = FAD826492B7F4D660020D6C3 /* OAuth2Service.swift */; };
		FAD8264C2B7F4D800020D6C3 /* OAuth2TokenStorage.swift in Sources */ = {isa = PBXBuildFile; fileRef = FAD8264B2B7F4D800020D6C3 /* OAuth2TokenStorage.swift */; };
		FAD826502B7F7C7D0020D6C3 /* OAuthTokenResponseBody.swift in Sources */ = {isa = PBXBuildFile; fileRef = FAD8264F2B7F7C7D0020D6C3 /* OAuthTokenResponseBody.swift */; };
		FAD826522B7F7E010020D6C3 /* URLRequest+Extensions.swift in Sources */ = {isa = PBXBuildFile; fileRef = FAD826512B7F7E010020D6C3 /* URLRequest+Extensions.swift */; };
		FAD826542B7F7FA80020D6C3 /* URLSession+Extensions.swift in Sources */ = {isa = PBXBuildFile; fileRef = FAD826532B7F7FA80020D6C3 /* URLSession+Extensions.swift */; };
		FAE7ECDF2B78AFF600EE7896 /* ProfileViewController.swift in Sources */ = {isa = PBXBuildFile; fileRef = FAE7ECDE2B78AFF600EE7896 /* ProfileViewController.swift */; };
		FAE7ECE22B78D2E800EE7896 /* SingleImageViewController.swift in Sources */ = {isa = PBXBuildFile; fileRef = FAE7ECE12B78D2E800EE7896 /* SingleImageViewController.swift */; };
/* End PBXBuildFile section */

/* Begin PBXFileReference section */
		FA11CE642B7996C500F6FADF /* YS Display-Bold.ttf */ = {isa = PBXFileReference; lastKnownFileType = file; path = "YS Display-Bold.ttf"; sourceTree = "<group>"; };
		FA11CE652B7996C500F6FADF /* YS Display-Medium.ttf */ = {isa = PBXFileReference; lastKnownFileType = file; path = "YS Display-Medium.ttf"; sourceTree = "<group>"; };
		FA1F2A302B74FF070052D912 /* ImageFeed.app */ = {isa = PBXFileReference; explicitFileType = wrapper.application; includeInIndex = 0; path = ImageFeed.app; sourceTree = BUILT_PRODUCTS_DIR; };
		FA1F2A332B74FF070052D912 /* AppDelegate.swift */ = {isa = PBXFileReference; lastKnownFileType = sourcecode.swift; path = AppDelegate.swift; sourceTree = "<group>"; };
		FA1F2A352B74FF070052D912 /* SceneDelegate.swift */ = {isa = PBXFileReference; lastKnownFileType = sourcecode.swift; path = SceneDelegate.swift; sourceTree = "<group>"; };
		FA1F2A372B74FF070052D912 /* ImagesListViewController.swift */ = {isa = PBXFileReference; lastKnownFileType = sourcecode.swift; path = ImagesListViewController.swift; sourceTree = "<group>"; };
		FA1F2A3A2B74FF070052D912 /* Base */ = {isa = PBXFileReference; lastKnownFileType = file.storyboard; name = Base; path = Base.lproj/Main.storyboard; sourceTree = "<group>"; };
		FA1F2A3C2B74FF0B0052D912 /* Assets.xcassets */ = {isa = PBXFileReference; lastKnownFileType = folder.assetcatalog; path = Assets.xcassets; sourceTree = "<group>"; };
		FA1F2A3F2B74FF0B0052D912 /* Base */ = {isa = PBXFileReference; lastKnownFileType = file.storyboard; name = Base; path = Base.lproj/LaunchScreen.storyboard; sourceTree = "<group>"; };
		FA1F2A412B74FF0B0052D912 /* Info.plist */ = {isa = PBXFileReference; lastKnownFileType = text.plist.xml; path = Info.plist; sourceTree = "<group>"; };
		FA1F2A472B753D9F0052D912 /* ImagesListCell.swift */ = {isa = PBXFileReference; lastKnownFileType = sourcecode.swift; path = ImagesListCell.swift; sourceTree = "<group>"; };
		FA485E5D2B7E52EA0083D3D8 /* Constants.swift */ = {isa = PBXFileReference; lastKnownFileType = sourcecode.swift; path = Constants.swift; sourceTree = "<group>"; };
		FA485E602B7E63E80083D3D8 /* AuthViewController.swift */ = {isa = PBXFileReference; lastKnownFileType = sourcecode.swift; path = AuthViewController.swift; sourceTree = "<group>"; };
		FA485E622B7E68AE0083D3D8 /* WebViewViewController.swift */ = {isa = PBXFileReference; lastKnownFileType = sourcecode.swift; path = WebViewViewController.swift; sourceTree = "<group>"; };
		FAD826452B7F48FE0020D6C3 /* SplashViewController.swift */ = {isa = PBXFileReference; lastKnownFileType = sourcecode.swift; path = SplashViewController.swift; sourceTree = "<group>"; };
		FAD826492B7F4D660020D6C3 /* OAuth2Service.swift */ = {isa = PBXFileReference; lastKnownFileType = sourcecode.swift; path = OAuth2Service.swift; sourceTree = "<group>"; };
		FAD8264B2B7F4D800020D6C3 /* OAuth2TokenStorage.swift */ = {isa = PBXFileReference; lastKnownFileType = sourcecode.swift; path = OAuth2TokenStorage.swift; sourceTree = "<group>"; };
		FAD8264F2B7F7C7D0020D6C3 /* OAuthTokenResponseBody.swift */ = {isa = PBXFileReference; lastKnownFileType = sourcecode.swift; path = OAuthTokenResponseBody.swift; sourceTree = "<group>"; };
		FAD826512B7F7E010020D6C3 /* URLRequest+Extensions.swift */ = {isa = PBXFileReference; lastKnownFileType = sourcecode.swift; path = "URLRequest+Extensions.swift"; sourceTree = "<group>"; };
		FAD826532B7F7FA80020D6C3 /* URLSession+Extensions.swift */ = {isa = PBXFileReference; lastKnownFileType = sourcecode.swift; path = "URLSession+Extensions.swift"; sourceTree = "<group>"; };
		FAE7ECDE2B78AFF600EE7896 /* ProfileViewController.swift */ = {isa = PBXFileReference; lastKnownFileType = sourcecode.swift; path = ProfileViewController.swift; sourceTree = "<group>"; };
		FAE7ECE12B78D2E800EE7896 /* SingleImageViewController.swift */ = {isa = PBXFileReference; lastKnownFileType = sourcecode.swift; path = SingleImageViewController.swift; sourceTree = "<group>"; };
/* End PBXFileReference section */

/* Begin PBXFrameworksBuildPhase section */
		FA1F2A2D2B74FF070052D912 /* Frameworks */ = {
			isa = PBXFrameworksBuildPhase;
			buildActionMask = 2147483647;
			files = (
			);
			runOnlyForDeploymentPostprocessing = 0;
		};
/* End PBXFrameworksBuildPhase section */

/* Begin PBXGroup section */
		FA11CE602B79964200F6FADF /* Resources */ = {
			isa = PBXGroup;
			children = (
				FA11CE622B7996C500F6FADF /* Fonts */,
			);
			path = Resources;
			sourceTree = "<group>";
		};
		FA11CE622B7996C500F6FADF /* Fonts */ = {
			isa = PBXGroup;
			children = (
				FA11CE632B7996C500F6FADF /* YS Display */,
			);
			path = Fonts;
			sourceTree = "<group>";
		};
		FA11CE632B7996C500F6FADF /* YS Display */ = {
			isa = PBXGroup;
			children = (
				FA11CE642B7996C500F6FADF /* YS Display-Bold.ttf */,
				FA11CE652B7996C500F6FADF /* YS Display-Medium.ttf */,
			);
			path = "YS Display";
			sourceTree = "<group>";
		};
		FA1F2A272B74FF070052D912 = {
			isa = PBXGroup;
			children = (
				FA1F2A322B74FF070052D912 /* ImageFeed */,
				FA1F2A312B74FF070052D912 /* Products */,
			);
			sourceTree = "<group>";
		};
		FA1F2A312B74FF070052D912 /* Products */ = {
			isa = PBXGroup;
			children = (
				FA1F2A302B74FF070052D912 /* ImageFeed.app */,
			);
			name = Products;
			sourceTree = "<group>";
		};
		FA1F2A322B74FF070052D912 /* ImageFeed */ = {
			isa = PBXGroup;
			children = (
				FAD8264E2B7F7C560020D6C3 /* Helpers */,
				FAD8264D2B7F7C1E0020D6C3 /* Models */,
				FAD826472B7F4D370020D6C3 /* ServiceAccessLayer */,
				FAD826442B7F48CF0020D6C3 /* SplashViewController */,
				FA485E5F2B7E63CE0083D3D8 /* Auth */,
				FAE7ECDD2B78AFCB00EE7896 /* Profile */,
				FA1F2A492B753DC20052D912 /* ImagesList */,
				FAE7ECE02B78D2B000EE7896 /* SingleImage */,
				FA485E5D2B7E52EA0083D3D8 /* Constants.swift */,
				FA11CE602B79964200F6FADF /* Resources */,
				FA1F2A332B74FF070052D912 /* AppDelegate.swift */,
				FA1F2A352B74FF070052D912 /* SceneDelegate.swift */,
				FA1F2A392B74FF070052D912 /* Main.storyboard */,
				FA1F2A3E2B74FF0B0052D912 /* LaunchScreen.storyboard */,
				FA1F2A3C2B74FF0B0052D912 /* Assets.xcassets */,
				FA1F2A412B74FF0B0052D912 /* Info.plist */,
			);
			path = ImageFeed;
			sourceTree = "<group>";
		};
		FA1F2A492B753DC20052D912 /* ImagesList */ = {
			isa = PBXGroup;
			children = (
				FA1F2A372B74FF070052D912 /* ImagesListViewController.swift */,
				FA1F2A472B753D9F0052D912 /* ImagesListCell.swift */,
			);
			path = ImagesList;
			sourceTree = "<group>";
		};
		FA485E5F2B7E63CE0083D3D8 /* Auth */ = {
			isa = PBXGroup;
			children = (
				FA485E602B7E63E80083D3D8 /* AuthViewController.swift */,
				FA485E622B7E68AE0083D3D8 /* WebViewViewController.swift */,
			);
			path = Auth;
			sourceTree = "<group>";
		};
		FAD826442B7F48CF0020D6C3 /* SplashViewController */ = {
			isa = PBXGroup;
			children = (
				FAD826452B7F48FE0020D6C3 /* SplashViewController.swift */,
			);
			path = SplashViewController;
			sourceTree = "<group>";
		};
		FAD826472B7F4D370020D6C3 /* ServiceAccessLayer */ = {
			isa = PBXGroup;
			children = (
				FAD826482B7F4D490020D6C3 /* OAuth2 */,
			);
			path = ServiceAccessLayer;
			sourceTree = "<group>";
		};
		FAD826482B7F4D490020D6C3 /* OAuth2 */ = {
			isa = PBXGroup;
			children = (
				FAD826492B7F4D660020D6C3 /* OAuth2Service.swift */,
				FAD8264B2B7F4D800020D6C3 /* OAuth2TokenStorage.swift */,
			);
			path = OAuth2;
			sourceTree = "<group>";
		};
		FAD8264D2B7F7C1E0020D6C3 /* Models */ = {
			isa = PBXGroup;
			children = (
				FAD8264F2B7F7C7D0020D6C3 /* OAuthTokenResponseBody.swift */,
			);
			path = Models;
			sourceTree = "<group>";
		};
		FAD8264E2B7F7C560020D6C3 /* Helpers */ = {
			isa = PBXGroup;
			children = (
				FAD826512B7F7E010020D6C3 /* URLRequest+Extensions.swift */,
				FAD826532B7F7FA80020D6C3 /* URLSession+Extensions.swift */,
			);
			path = Helpers;
			sourceTree = "<group>";
		};
		FAE7ECDD2B78AFCB00EE7896 /* Profile */ = {
			isa = PBXGroup;
			children = (
				FAE7ECDE2B78AFF600EE7896 /* ProfileViewController.swift */,
			);
			path = Profile;
			sourceTree = "<group>";
		};
		FAE7ECE02B78D2B000EE7896 /* SingleImage */ = {
			isa = PBXGroup;
			children = (
				FAE7ECE12B78D2E800EE7896 /* SingleImageViewController.swift */,
			);
			path = SingleImage;
			sourceTree = "<group>";
		};
/* End PBXGroup section */

/* Begin PBXNativeTarget section */
		FA1F2A2F2B74FF070052D912 /* ImageFeed */ = {
			isa = PBXNativeTarget;
			buildConfigurationList = FA1F2A442B74FF0B0052D912 /* Build configuration list for PBXNativeTarget "ImageFeed" */;
			buildPhases = (
				FA1F2A2C2B74FF070052D912 /* Sources */,
				FA1F2A2D2B74FF070052D912 /* Frameworks */,
				FA1F2A2E2B74FF070052D912 /* Resources */,
			);
			buildRules = (
			);
			dependencies = (
			);
			name = ImageFeed;
			productName = ImageFeed;
			productReference = FA1F2A302B74FF070052D912 /* ImageFeed.app */;
			productType = "com.apple.product-type.application";
		};
/* End PBXNativeTarget section */

/* Begin PBXProject section */
		FA1F2A282B74FF070052D912 /* Project object */ = {
			isa = PBXProject;
			attributes = {
				BuildIndependentTargetsInParallel = 1;
				LastSwiftUpdateCheck = 1520;
				LastUpgradeCheck = 1520;
				TargetAttributes = {
					FA1F2A2F2B74FF070052D912 = {
						CreatedOnToolsVersion = 15.2;
					};
				};
			};
			buildConfigurationList = FA1F2A2B2B74FF070052D912 /* Build configuration list for PBXProject "ImageFeed" */;
			compatibilityVersion = "Xcode 14.0";
			developmentRegion = en;
			hasScannedForEncodings = 0;
			knownRegions = (
				en,
				Base,
			);
			mainGroup = FA1F2A272B74FF070052D912;
			productRefGroup = FA1F2A312B74FF070052D912 /* Products */;
			projectDirPath = "";
			projectRoot = "";
			targets = (
				FA1F2A2F2B74FF070052D912 /* ImageFeed */,
			);
		};
/* End PBXProject section */

/* Begin PBXResourcesBuildPhase section */
		FA1F2A2E2B74FF070052D912 /* Resources */ = {
			isa = PBXResourcesBuildPhase;
			buildActionMask = 2147483647;
			files = (
				FA1F2A402B74FF0B0052D912 /* LaunchScreen.storyboard in Resources */,
				FA1F2A3D2B74FF0B0052D912 /* Assets.xcassets in Resources */,
				FA1F2A3B2B74FF070052D912 /* Main.storyboard in Resources */,
				FA11CE662B7996C600F6FADF /* YS Display-Bold.ttf in Resources */,
				FA11CE672B7996C600F6FADF /* YS Display-Medium.ttf in Resources */,
			);
			runOnlyForDeploymentPostprocessing = 0;
		};
/* End PBXResourcesBuildPhase section */

/* Begin PBXSourcesBuildPhase section */
		FA1F2A2C2B74FF070052D912 /* Sources */ = {
			isa = PBXSourcesBuildPhase;
			buildActionMask = 2147483647;
			files = (
				FAD8264C2B7F4D800020D6C3 /* OAuth2TokenStorage.swift in Sources */,
				FA1F2A382B74FF070052D912 /* ImagesListViewController.swift in Sources */,
				FA1F2A482B753D9F0052D912 /* ImagesListCell.swift in Sources */,
				FAE7ECDF2B78AFF600EE7896 /* ProfileViewController.swift in Sources */,
				FA1F2A342B74FF070052D912 /* AppDelegate.swift in Sources */,
				FAD826542B7F7FA80020D6C3 /* URLSession+Extensions.swift in Sources */,
				FAD826502B7F7C7D0020D6C3 /* OAuthTokenResponseBody.swift in Sources */,
				FAD8264A2B7F4D660020D6C3 /* OAuth2Service.swift in Sources */,
				FA485E612B7E63E80083D3D8 /* AuthViewController.swift in Sources */,
				FA485E5E2B7E52EA0083D3D8 /* Constants.swift in Sources */,
				FAE7ECE22B78D2E800EE7896 /* SingleImageViewController.swift in Sources */,
				FA485E632B7E68AE0083D3D8 /* WebViewViewController.swift in Sources */,
				FAD826522B7F7E010020D6C3 /* URLRequest+Extensions.swift in Sources */,
				FA1F2A362B74FF070052D912 /* SceneDelegate.swift in Sources */,
				FAD826462B7F48FE0020D6C3 /* SplashViewController.swift in Sources */,
			);
			runOnlyForDeploymentPostprocessing = 0;
		};
/* End PBXSourcesBuildPhase section */

/* Begin PBXVariantGroup section */
		FA1F2A392B74FF070052D912 /* Main.storyboard */ = {
			isa = PBXVariantGroup;
			children = (
				FA1F2A3A2B74FF070052D912 /* Base */,
			);
			name = Main.storyboard;
			sourceTree = "<group>";
		};
		FA1F2A3E2B74FF0B0052D912 /* LaunchScreen.storyboard */ = {
			isa = PBXVariantGroup;
			children = (
				FA1F2A3F2B74FF0B0052D912 /* Base */,
			);
			name = LaunchScreen.storyboard;
			sourceTree = "<group>";
		};
/* End PBXVariantGroup section */

/* Begin XCBuildConfiguration section */
		FA1F2A422B74FF0B0052D912 /* Debug */ = {
			isa = XCBuildConfiguration;
			buildSettings = {
				ALWAYS_SEARCH_USER_PATHS = NO;
				ASSETCATALOG_COMPILER_GENERATE_SWIFT_ASSET_SYMBOL_EXTENSIONS = YES;
				CLANG_ANALYZER_NONNULL = YES;
				CLANG_ANALYZER_NUMBER_OBJECT_CONVERSION = YES_AGGRESSIVE;
				CLANG_CXX_LANGUAGE_STANDARD = "gnu++20";
				CLANG_ENABLE_MODULES = YES;
				CLANG_ENABLE_OBJC_ARC = YES;
				CLANG_ENABLE_OBJC_WEAK = YES;
				CLANG_WARN_BLOCK_CAPTURE_AUTORELEASING = YES;
				CLANG_WARN_BOOL_CONVERSION = YES;
				CLANG_WARN_COMMA = YES;
				CLANG_WARN_CONSTANT_CONVERSION = YES;
				CLANG_WARN_DEPRECATED_OBJC_IMPLEMENTATIONS = YES;
				CLANG_WARN_DIRECT_OBJC_ISA_USAGE = YES_ERROR;
				CLANG_WARN_DOCUMENTATION_COMMENTS = YES;
				CLANG_WARN_EMPTY_BODY = YES;
				CLANG_WARN_ENUM_CONVERSION = YES;
				CLANG_WARN_INFINITE_RECURSION = YES;
				CLANG_WARN_INT_CONVERSION = YES;
				CLANG_WARN_NON_LITERAL_NULL_CONVERSION = YES;
				CLANG_WARN_OBJC_IMPLICIT_RETAIN_SELF = YES;
				CLANG_WARN_OBJC_LITERAL_CONVERSION = YES;
				CLANG_WARN_OBJC_ROOT_CLASS = YES_ERROR;
				CLANG_WARN_QUOTED_INCLUDE_IN_FRAMEWORK_HEADER = YES;
				CLANG_WARN_RANGE_LOOP_ANALYSIS = YES;
				CLANG_WARN_STRICT_PROTOTYPES = YES;
				CLANG_WARN_SUSPICIOUS_MOVE = YES;
				CLANG_WARN_UNGUARDED_AVAILABILITY = YES_AGGRESSIVE;
				CLANG_WARN_UNREACHABLE_CODE = YES;
				CLANG_WARN__DUPLICATE_METHOD_MATCH = YES;
				COPY_PHASE_STRIP = NO;
				DEBUG_INFORMATION_FORMAT = dwarf;
				ENABLE_STRICT_OBJC_MSGSEND = YES;
				ENABLE_TESTABILITY = YES;
				ENABLE_USER_SCRIPT_SANDBOXING = YES;
				GCC_C_LANGUAGE_STANDARD = gnu17;
				GCC_DYNAMIC_NO_PIC = NO;
				GCC_NO_COMMON_BLOCKS = YES;
				GCC_OPTIMIZATION_LEVEL = 0;
				GCC_PREPROCESSOR_DEFINITIONS = (
					"DEBUG=1",
					"$(inherited)",
				);
				GCC_WARN_64_TO_32_BIT_CONVERSION = YES;
				GCC_WARN_ABOUT_RETURN_TYPE = YES_ERROR;
				GCC_WARN_UNDECLARED_SELECTOR = YES;
				GCC_WARN_UNINITIALIZED_AUTOS = YES_AGGRESSIVE;
				GCC_WARN_UNUSED_FUNCTION = YES;
				GCC_WARN_UNUSED_VARIABLE = YES;
				IPHONEOS_DEPLOYMENT_TARGET = 17.2;
				LOCALIZATION_PREFERS_STRING_CATALOGS = YES;
				MTL_ENABLE_DEBUG_INFO = INCLUDE_SOURCE;
				MTL_FAST_MATH = YES;
				ONLY_ACTIVE_ARCH = YES;
				SDKROOT = iphoneos;
				SWIFT_ACTIVE_COMPILATION_CONDITIONS = "DEBUG $(inherited)";
				SWIFT_OPTIMIZATION_LEVEL = "-Onone";
			};
			name = Debug;
		};
		FA1F2A432B74FF0B0052D912 /* Release */ = {
			isa = XCBuildConfiguration;
			buildSettings = {
				ALWAYS_SEARCH_USER_PATHS = NO;
				ASSETCATALOG_COMPILER_GENERATE_SWIFT_ASSET_SYMBOL_EXTENSIONS = YES;
				CLANG_ANALYZER_NONNULL = YES;
				CLANG_ANALYZER_NUMBER_OBJECT_CONVERSION = YES_AGGRESSIVE;
				CLANG_CXX_LANGUAGE_STANDARD = "gnu++20";
				CLANG_ENABLE_MODULES = YES;
				CLANG_ENABLE_OBJC_ARC = YES;
				CLANG_ENABLE_OBJC_WEAK = YES;
				CLANG_WARN_BLOCK_CAPTURE_AUTORELEASING = YES;
				CLANG_WARN_BOOL_CONVERSION = YES;
				CLANG_WARN_COMMA = YES;
				CLANG_WARN_CONSTANT_CONVERSION = YES;
				CLANG_WARN_DEPRECATED_OBJC_IMPLEMENTATIONS = YES;
				CLANG_WARN_DIRECT_OBJC_ISA_USAGE = YES_ERROR;
				CLANG_WARN_DOCUMENTATION_COMMENTS = YES;
				CLANG_WARN_EMPTY_BODY = YES;
				CLANG_WARN_ENUM_CONVERSION = YES;
				CLANG_WARN_INFINITE_RECURSION = YES;
				CLANG_WARN_INT_CONVERSION = YES;
				CLANG_WARN_NON_LITERAL_NULL_CONVERSION = YES;
				CLANG_WARN_OBJC_IMPLICIT_RETAIN_SELF = YES;
				CLANG_WARN_OBJC_LITERAL_CONVERSION = YES;
				CLANG_WARN_OBJC_ROOT_CLASS = YES_ERROR;
				CLANG_WARN_QUOTED_INCLUDE_IN_FRAMEWORK_HEADER = YES;
				CLANG_WARN_RANGE_LOOP_ANALYSIS = YES;
				CLANG_WARN_STRICT_PROTOTYPES = YES;
				CLANG_WARN_SUSPICIOUS_MOVE = YES;
				CLANG_WARN_UNGUARDED_AVAILABILITY = YES_AGGRESSIVE;
				CLANG_WARN_UNREACHABLE_CODE = YES;
				CLANG_WARN__DUPLICATE_METHOD_MATCH = YES;
				COPY_PHASE_STRIP = NO;
				DEBUG_INFORMATION_FORMAT = "dwarf-with-dsym";
				ENABLE_NS_ASSERTIONS = NO;
				ENABLE_STRICT_OBJC_MSGSEND = YES;
				ENABLE_USER_SCRIPT_SANDBOXING = YES;
				GCC_C_LANGUAGE_STANDARD = gnu17;
				GCC_NO_COMMON_BLOCKS = YES;
				GCC_WARN_64_TO_32_BIT_CONVERSION = YES;
				GCC_WARN_ABOUT_RETURN_TYPE = YES_ERROR;
				GCC_WARN_UNDECLARED_SELECTOR = YES;
				GCC_WARN_UNINITIALIZED_AUTOS = YES_AGGRESSIVE;
				GCC_WARN_UNUSED_FUNCTION = YES;
				GCC_WARN_UNUSED_VARIABLE = YES;
				IPHONEOS_DEPLOYMENT_TARGET = 17.2;
				LOCALIZATION_PREFERS_STRING_CATALOGS = YES;
				MTL_ENABLE_DEBUG_INFO = NO;
				MTL_FAST_MATH = YES;
				SDKROOT = iphoneos;
				SWIFT_COMPILATION_MODE = wholemodule;
				VALIDATE_PRODUCT = YES;
			};
			name = Release;
		};
		FA1F2A452B74FF0B0052D912 /* Debug */ = {
			isa = XCBuildConfiguration;
			buildSettings = {
				ASSETCATALOG_COMPILER_APPICON_NAME = AppIcon;
				ASSETCATALOG_COMPILER_GLOBAL_ACCENT_COLOR_NAME = AccentColor;
				CODE_SIGN_STYLE = Automatic;
				CURRENT_PROJECT_VERSION = 1;
				DEVELOPMENT_TEAM = 6APKY4F352;
				GENERATE_INFOPLIST_FILE = YES;
				INFOPLIST_FILE = ImageFeed/Info.plist;
				INFOPLIST_KEY_UIApplicationSupportsIndirectInputEvents = YES;
				INFOPLIST_KEY_UILaunchStoryboardName = LaunchScreen;
				INFOPLIST_KEY_UIMainStoryboardFile = Main;
				INFOPLIST_KEY_UISupportedInterfaceOrientations = UIInterfaceOrientationPortrait;
				IPHONEOS_DEPLOYMENT_TARGET = 13.0;
				LD_RUNPATH_SEARCH_PATHS = (
					"$(inherited)",
					"@executable_path/Frameworks",
				);
				MARKETING_VERSION = 1.0;
				PRODUCT_BUNDLE_IDENTIFIER = Kirillov.ImageFeed;
				PRODUCT_NAME = "$(TARGET_NAME)";
				SUPPORTED_PLATFORMS = "iphoneos iphonesimulator";
				SUPPORTS_MACCATALYST = NO;
				SUPPORTS_MAC_DESIGNED_FOR_IPHONE_IPAD = NO;
				SUPPORTS_XR_DESIGNED_FOR_IPHONE_IPAD = NO;
				SWIFT_EMIT_LOC_STRINGS = YES;
				SWIFT_VERSION = 5.0;
				TARGETED_DEVICE_FAMILY = 1;
			};
			name = Debug;
		};
		FA1F2A462B74FF0B0052D912 /* Release */ = {
			isa = XCBuildConfiguration;
			buildSettings = {
				ASSETCATALOG_COMPILER_APPICON_NAME = AppIcon;
				ASSETCATALOG_COMPILER_GLOBAL_ACCENT_COLOR_NAME = AccentColor;
				CODE_SIGN_STYLE = Automatic;
				CURRENT_PROJECT_VERSION = 1;
				DEVELOPMENT_TEAM = 6APKY4F352;
				GENERATE_INFOPLIST_FILE = YES;
				INFOPLIST_FILE = ImageFeed/Info.plist;
				INFOPLIST_KEY_UIApplicationSupportsIndirectInputEvents = YES;
				INFOPLIST_KEY_UILaunchStoryboardName = LaunchScreen;
				INFOPLIST_KEY_UIMainStoryboardFile = Main;
				INFOPLIST_KEY_UISupportedInterfaceOrientations = UIInterfaceOrientationPortrait;
				IPHONEOS_DEPLOYMENT_TARGET = 13.0;
				LD_RUNPATH_SEARCH_PATHS = (
					"$(inherited)",
					"@executable_path/Frameworks",
				);
				MARKETING_VERSION = 1.0;
				PRODUCT_BUNDLE_IDENTIFIER = Kirillov.ImageFeed;
				PRODUCT_NAME = "$(TARGET_NAME)";
				SUPPORTED_PLATFORMS = "iphoneos iphonesimulator";
				SUPPORTS_MACCATALYST = NO;
				SUPPORTS_MAC_DESIGNED_FOR_IPHONE_IPAD = NO;
				SUPPORTS_XR_DESIGNED_FOR_IPHONE_IPAD = NO;
				SWIFT_EMIT_LOC_STRINGS = YES;
				SWIFT_VERSION = 5.0;
				TARGETED_DEVICE_FAMILY = 1;
			};
			name = Release;
		};
/* End XCBuildConfiguration section */

/* Begin XCConfigurationList section */
		FA1F2A2B2B74FF070052D912 /* Build configuration list for PBXProject "ImageFeed" */ = {
			isa = XCConfigurationList;
			buildConfigurations = (
				FA1F2A422B74FF0B0052D912 /* Debug */,
				FA1F2A432B74FF0B0052D912 /* Release */,
			);
			defaultConfigurationIsVisible = 0;
			defaultConfigurationName = Release;
		};
		FA1F2A442B74FF0B0052D912 /* Build configuration list for PBXNativeTarget "ImageFeed" */ = {
			isa = XCConfigurationList;
			buildConfigurations = (
				FA1F2A452B74FF0B0052D912 /* Debug */,
				FA1F2A462B74FF0B0052D912 /* Release */,
			);
			defaultConfigurationIsVisible = 0;
			defaultConfigurationName = Release;
		};
/* End XCConfigurationList section */
	};
	rootObject = FA1F2A282B74FF070052D912 /* Project object */;
}
